// !$*UTF8*$!
{
	archiveVersion = 1;
	classes = {
	};
	objectVersion = 48;
	objects = {

/* Begin PBXBuildFile section */
		3B376D131FBACFA300002BBA /* AppDelegate.swift in Sources */ = {isa = PBXBuildFile; fileRef = 3B376D121FBACFA300002BBA /* AppDelegate.swift */; };
		3B376D151FBACFA300002BBA /* ViewController.swift in Sources */ = {isa = PBXBuildFile; fileRef = 3B376D141FBACFA300002BBA /* ViewController.swift */; };
		3B376D181FBACFA300002BBA /* Main.storyboard in Resources */ = {isa = PBXBuildFile; fileRef = 3B376D161FBACFA300002BBA /* Main.storyboard */; };
		3B376D1A1FBACFA300002BBA /* Assets.xcassets in Resources */ = {isa = PBXBuildFile; fileRef = 3B376D191FBACFA300002BBA /* Assets.xcassets */; };
		3B376D1D1FBACFA300002BBA /* LaunchScreen.storyboard in Resources */ = {isa = PBXBuildFile; fileRef = 3B376D1B1FBACFA300002BBA /* LaunchScreen.storyboard */; };
		3B376D261FBACFB700002BBA /* ReceivablesVC.swift in Sources */ = {isa = PBXBuildFile; fileRef = 3B376D241FBACFB700002BBA /* ReceivablesVC.swift */; };
		3B376D271FBACFB700002BBA /* ReceivablesVC.xib in Resources */ = {isa = PBXBuildFile; fileRef = 3B376D251FBACFB700002BBA /* ReceivablesVC.xib */; };
/* End PBXBuildFile section */

/* Begin PBXFileReference section */
		3B376D0F1FBACFA300002BBA /* Receivables.app */ = {isa = PBXFileReference; explicitFileType = wrapper.application; includeInIndex = 0; path = Receivables.app; sourceTree = BUILT_PRODUCTS_DIR; };
		3B376D121FBACFA300002BBA /* AppDelegate.swift */ = {isa = PBXFileReference; lastKnownFileType = sourcecode.swift; path = AppDelegate.swift; sourceTree = "<group>"; };
		3B376D141FBACFA300002BBA /* ViewController.swift */ = {isa = PBXFileReference; lastKnownFileType = sourcecode.swift; path = ViewController.swift; sourceTree = "<group>"; };
		3B376D171FBACFA300002BBA /* Base */ = {isa = PBXFileReference; lastKnownFileType = file.storyboard; name = Base; path = Base.lproj/Main.storyboard; sourceTree = "<group>"; };
		3B376D191FBACFA300002BBA /* Assets.xcassets */ = {isa = PBXFileReference; lastKnownFileType = folder.assetcatalog; path = Assets.xcassets; sourceTree = "<group>"; };
		3B376D1C1FBACFA300002BBA /* Base */ = {isa = PBXFileReference; lastKnownFileType = file.storyboard; name = Base; path = Base.lproj/LaunchScreen.storyboard; sourceTree = "<group>"; };
		3B376D1E1FBACFA300002BBA /* Info.plist */ = {isa = PBXFileReference; lastKnownFileType = text.plist.xml; path = Info.plist; sourceTree = "<group>"; };
		3B376D241FBACFB700002BBA /* ReceivablesVC.swift */ = {isa = PBXFileReference; lastKnownFileType = sourcecode.swift; path = ReceivablesVC.swift; sourceTree = "<group>"; };
		3B376D251FBACFB700002BBA /* ReceivablesVC.xib */ = {isa = PBXFileReference; lastKnownFileType = file.xib; path = ReceivablesVC.xib; sourceTree = "<group>"; };
/* End PBXFileReference section */

/* Begin PBXFrameworksBuildPhase section */
		3B376D0C1FBACFA300002BBA /* Frameworks */ = {
			isa = PBXFrameworksBuildPhase;
			buildActionMask = 2147483647;
			files = (
			);
			runOnlyForDeploymentPostprocessing = 0;
		};
/* End PBXFrameworksBuildPhase section */

/* Begin PBXGroup section */
		3B376D061FBACFA300002BBA = {
			isa = PBXGroup;
			children = (
				3B376D111FBACFA300002BBA /* Receivables */,
				3B376D101FBACFA300002BBA /* Products */,
			);
			sourceTree = "<group>";
		};
		3B376D101FBACFA300002BBA /* Products */ = {
			isa = PBXGroup;
			children = (
				3B376D0F1FBACFA300002BBA /* Receivables.app */,
			);
			name = Products;
			sourceTree = "<group>";
		};
		3B376D111FBACFA300002BBA /* Receivables */ = {
			isa = PBXGroup;
			children = (
				3B376D121FBACFA300002BBA /* AppDelegate.swift */,
				3B376D141FBACFA300002BBA /* ViewController.swift */,
				3B376D241FBACFB700002BBA /* ReceivablesVC.swift */,
				3B376D251FBACFB700002BBA /* ReceivablesVC.xib */,
				3B376D161FBACFA300002BBA /* Main.storyboard */,
				3B376D191FBACFA300002BBA /* Assets.xcassets */,
				3B376D1B1FBACFA300002BBA /* LaunchScreen.storyboard */,
				3B376D1E1FBACFA300002BBA /* Info.plist */,
			);
			path = Receivables;
			sourceTree = "<group>";
		};
/* End PBXGroup section */

/* Begin PBXNativeTarget section */
		3B376D0E1FBACFA300002BBA /* Receivables */ = {
			isa = PBXNativeTarget;
			buildConfigurationList = 3B376D211FBACFA300002BBA /* Build configuration list for PBXNativeTarget "Receivables" */;
			buildPhases = (
				3B376D0B1FBACFA300002BBA /* Sources */,
				3B376D0C1FBACFA300002BBA /* Frameworks */,
				3B376D0D1FBACFA300002BBA /* Resources */,
			);
			buildRules = (
			);
			dependencies = (
			);
			name = Receivables;
			productName = Receivables;
			productReference = 3B376D0F1FBACFA300002BBA /* Receivables.app */;
			productType = "com.apple.product-type.application";
		};
/* End PBXNativeTarget section */

/* Begin PBXProject section */
		3B376D071FBACFA300002BBA /* Project object */ = {
			isa = PBXProject;
			attributes = {
				LastSwiftUpdateCheck = 0910;
				LastUpgradeCheck = 0910;
				ORGANIZATIONNAME = Pan;
				TargetAttributes = {
					3B376D0E1FBACFA300002BBA = {
						CreatedOnToolsVersion = 9.1;
						ProvisioningStyle = Automatic;
					};
				};
			};
			buildConfigurationList = 3B376D0A1FBACFA300002BBA /* Build configuration list for PBXProject "Receivables" */;
			compatibilityVersion = "Xcode 8.0";
			developmentRegion = en;
			hasScannedForEncodings = 0;
			knownRegions = (
				en,
				Base,
			);
			mainGroup = 3B376D061FBACFA300002BBA;
			productRefGroup = 3B376D101FBACFA300002BBA /* Products */;
			projectDirPath = "";
			projectRoot = "";
			targets = (
				3B376D0E1FBACFA300002BBA /* Receivables */,
			);
		};
/* End PBXProject section */

/* Begin PBXResourcesBuildPhase section */
		3B376D0D1FBACFA300002BBA /* Resources */ = {
			isa = PBXResourcesBuildPhase;
			buildActionMask = 2147483647;
			files = (
				3B376D271FBACFB700002BBA /* ReceivablesVC.xib in Resources */,
				3B376D1D1FBACFA300002BBA /* LaunchScreen.storyboard in Resources */,
				3B376D1A1FBACFA300002BBA /* Assets.xcassets in Resources */,
				3B376D181FBACFA300002BBA /* Main.storyboard in Resources */,
			);
			runOnlyForDeploymentPostprocessing = 0;
		};
/* End PBXResourcesBuildPhase section */

/* Begin PBXSourcesBuildPhase section */
		3B376D0B1FBACFA300002BBA /* Sources */ = {
			isa = PBXSourcesBuildPhase;
			buildActionMask = 2147483647;
			files = (
				3B376D151FBACFA300002BBA /* ViewController.swift in Sources */,
				3B376D261FBACFB700002BBA /* ReceivablesVC.swift in Sources */,
				3B376D131FBACFA300002BBA /* AppDelegate.swift in Sources */,
			);
			runOnlyForDeploymentPostprocessing = 0;
		};
/* End PBXSourcesBuildPhase section */

/* Begin PBXVariantGroup section */
		3B376D161FBACFA300002BBA /* Main.storyboard */ = {
			isa = PBXVariantGroup;
			children = (
				3B376D171FBACFA300002BBA /* Base */,
			);
			name = Main.storyboard;
			sourceTree = "<group>";
		};
		3B376D1B1FBACFA300002BBA /* LaunchScreen.storyboard */ = {
			isa = PBXVariantGroup;
			children = (
				3B376D1C1FBACFA300002BBA /* Base */,
			);
			name = LaunchScreen.storyboard;
			sourceTree = "<group>";
		};
/* End PBXVariantGroup section */

/* Begin XCBuildConfiguration section */
		3B376D1F1FBACFA300002BBA /* Debug */ = {
			isa = XCBuildConfiguration;
			buildSettings = {
				ALWAYS_SEARCH_USER_PATHS = NO;
				CLANG_ANALYZER_NONNULL = YES;
				CLANG_ANALYZER_NUMBER_OBJECT_CONVERSION = YES_AGGRESSIVE;
				CLANG_CXX_LANGUAGE_STANDARD = "gnu++14";
				CLANG_CXX_LIBRARY = "libc++";
				CLANG_ENABLE_MODULES = YES;
				CLANG_ENABLE_OBJC_ARC = YES;
				CLANG_WARN_BLOCK_CAPTURE_AUTORELEASING = YES;
				CLANG_WARN_BOOL_CONVERSION = YES;
				CLANG_WARN_COMMA = YES;
				CLANG_WARN_CONSTANT_CONVERSION = YES;
				CLANG_WARN_DIRECT_OBJC_ISA_USAGE = YES_ERROR;
				CLANG_WARN_DOCUMENTATION_COMMENTS = YES;
				CLANG_WARN_EMPTY_BODY = YES;
				CLANG_WARN_ENUM_CONVERSION = YES;
				CLANG_WARN_INFINITE_RECURSION = YES;
				CLANG_WARN_INT_CONVERSION = YES;
				CLANG_WARN_NON_LITERAL_NULL_CONVERSION = YES;
				CLANG_WARN_OBJC_LITERAL_CONVERSION = YES;
				CLANG_WARN_OBJC_ROOT_CLASS = YES_ERROR;
				CLANG_WARN_RANGE_LOOP_ANALYSIS = YES;
				CLANG_WARN_STRICT_PROTOTYPES = YES;
				CLANG_WARN_SUSPICIOUS_MOVE = YES;
				CLANG_WARN_UNGUARDED_AVAILABILITY = YES_AGGRESSIVE;
				CLANG_WARN_UNREACHABLE_CODE = YES;
				CLANG_WARN__DUPLICATE_METHOD_MATCH = YES;
				CODE_SIGN_IDENTITY = "iPhone Developer";
				COPY_PHASE_STRIP = NO;
				DEBUG_INFORMATION_FORMAT = dwarf;
				ENABLE_STRICT_OBJC_MSGSEND = YES;
				ENABLE_TESTABILITY = YES;
				GCC_C_LANGUAGE_STANDARD = gnu11;
				GCC_DYNAMIC_NO_PIC = NO;
				GCC_NO_COMMON_BLOCKS = YES;
				GCC_OPTIMIZATION_LEVEL = 0;
				GCC_PREPROCESSOR_DEFINITIONS = (
					"DEBUG=1",
					"$(inherited)",
				);
				GCC_WARN_64_TO_32_BIT_CONVERSION = YES;
				GCC_WARN_ABOUT_RETURN_TYPE = YES_ERROR;
				GCC_WARN_UNDECLARED_SELECTOR = YES;
				GCC_WARN_UNINITIALIZED_AUTOS = YES_AGGRESSIVE;
				GCC_WARN_UNUSED_FUNCTION = YES;
				GCC_WARN_UNUSED_VARIABLE = YES;
				IPHONEOS_DEPLOYMENT_TARGET = 11.1;
				MTL_ENABLE_DEBUG_INFO = YES;
				ONLY_ACTIVE_ARCH = YES;
				SDKROOT = iphoneos;
				SWIFT_ACTIVE_COMPILATION_CONDITIONS = DEBUG;
				SWIFT_OPTIMIZATION_LEVEL = "-Onone";
			};
			name = Debug;
		};
		3B376D201FBACFA300002BBA /* Release */ = {
			isa = XCBuildConfiguration;
			buildSettings = {
				ALWAYS_SEARCH_USER_PATHS = NO;
				CLANG_ANALYZER_NONNULL = YES;
				CLANG_ANALYZER_NUMBER_OBJECT_CONVERSION = YES_AGGRESSIVE;
				CLANG_CXX_LANGUAGE_STANDARD = "gnu++14";
				CLANG_CXX_LIBRARY = "libc++";
				CLANG_ENABLE_MODULES = YES;
				CLANG_ENABLE_OBJC_ARC = YES;
				CLANG_WARN_BLOCK_CAPTURE_AUTORELEASING = YES;
				CLANG_WARN_BOOL_CONVERSION = YES;
				CLANG_WARN_COMMA = YES;
				CLANG_WARN_CONSTANT_CONVERSION = YES;
				CLANG_WARN_DIRECT_OBJC_ISA_USAGE = YES_ERROR;
				CLANG_WARN_DOCUMENTATION_COMMENTS = YES;
				CLANG_WARN_EMPTY_BODY = YES;
				CLANG_WARN_ENUM_CONVERSION = YES;
				CLANG_WARN_INFINITE_RECURSION = YES;
				CLANG_WARN_INT_CONVERSION = YES;
				CLANG_WARN_NON_LITERAL_NULL_CONVERSION = YES;
				CLANG_WARN_OBJC_LITERAL_CONVERSION = YES;
				CLANG_WARN_OBJC_ROOT_CLASS = YES_ERROR;
				CLANG_WARN_RANGE_LOOP_ANALYSIS = YES;
				CLANG_WARN_STRICT_PROTOTYPES = YES;
				CLANG_WARN_SUSPICIOUS_MOVE = YES;
				CLANG_WARN_UNGUARDED_AVAILABILITY = YES_AGGRESSIVE;
				CLANG_WARN_UNREACHABLE_CODE = YES;
				CLANG_WARN__DUPLICATE_METHOD_MATCH = YES;
				CODE_SIGN_IDENTITY = "iPhone Developer";
				COPY_PHASE_STRIP = NO;
				DEBUG_INFORMATION_FORMAT = "dwarf-with-dsym";
				ENABLE_NS_ASSERTIONS = NO;
				ENABLE_STRICT_OBJC_MSGSEND = YES;
				GCC_C_LANGUAGE_STANDARD = gnu11;
				GCC_NO_COMMON_BLOCKS = YES;
				GCC_WARN_64_TO_32_BIT_CONVERSION = YES;
				GCC_WARN_ABOUT_RETURN_TYPE = YES_ERROR;
				GCC_WARN_UNDECLARED_SELECTOR = YES;
				GCC_WARN_UNINITIALIZED_AUTOS = YES_AGGRESSIVE;
				GCC_WARN_UNUSED_FUNCTION = YES;
				GCC_WARN_UNUSED_VARIABLE = YES;
				IPHONEOS_DEPLOYMENT_TARGET = 11.1;
				MTL_ENABLE_DEBUG_INFO = NO;
				SDKROOT = iphoneos;
				SWIFT_OPTIMIZATION_LEVEL = "-Owholemodule";
				VALIDATE_PRODUCT = YES;
			};
			name = Release;
		};
		3B376D221FBACFA300002BBA /* Debug */ = {
			isa = XCBuildConfiguration;
			buildSettings = {
				ASSETCATALOG_COMPILER_APPICON_NAME = AppIcon;
				CODE_SIGN_STYLE = Automatic;
				INFOPLIST_FILE = Receivables/Info.plist;
				LD_RUNPATH_SEARCH_PATHS = "$(inherited) @executable_path/Frameworks";
				PRODUCT_BUNDLE_IDENTIFIER = tianyanqing.Receivables;
				PRODUCT_NAME = "$(TARGET_NAME)";
				SWIFT_VERSION = 4.0;
				TARGETED_DEVICE_FAMILY = "1,2";
			};
			name = Debug;
		};
		3B376D231FBACFA300002BBA /* Release */ = {
			isa = XCBuildConfiguration;
			buildSettings = {
				ASSETCATALOG_COMPILER_APPICON_NAME = AppIcon;
				CODE_SIGN_STYLE = Automatic;
				INFOPLIST_FILE = Receivables/Info.plist;
				LD_RUNPATH_SEARCH_PATHS = "$(inherited) @executable_path/Frameworks";
				PRODUCT_BUNDLE_IDENTIFIER = tianyanqing.Receivables;
				PRODUCT_NAME = "$(TARGET_NAME)";
				SWIFT_VERSION = 4.0;
				TARGETED_DEVICE_FAMILY = "1,2";
			};
			name = Release;
		};
/* End XCBuildConfiguration section */

/* Begin XCConfigurationList section */
		3B376D0A1FBACFA300002BBA /* Build configuration list for PBXProject "Receivables" */ = {
			isa = XCConfigurationList;
			buildConfigurations = (
				3B376D1F1FBACFA300002BBA /* Debug */,
				3B376D201FBACFA300002BBA /* Release */,
			);
			defaultConfigurationIsVisible = 0;
			defaultConfigurationName = Release;
		};
		3B376D211FBACFA300002BBA /* Build configuration list for PBXNativeTarget "Receivables" */ = {
			isa = XCConfigurationList;
			buildConfigurations = (
				3B376D221FBACFA300002BBA /* Debug */,
				3B376D231FBACFA300002BBA /* Release */,
			);
			defaultConfigurationIsVisible = 0;
			defaultConfigurationName = Release;
		};
/* End XCConfigurationList section */
	};
	rootObject = 3B376D071FBACFA300002BBA /* Project object */;
}
